
Microsoft Visual Studio Solution File, Format Version 12.00
# Visual Studio Version 17
VisualStudioVersion = 17.5.33530.505
MinimumVisualStudioVersion = 10.0.40219.1
Project("{FAE04EC0-301F-11D3-BF4B-00C04F79EFBC}") = "Where is Wally", "Where is Wally.csproj", "{59D21027-D728-4468-8DFC-AF57E109C694}"
EndProject
Global
	GlobalSection(SolutionConfigurationPlatforms) = preSolution
		Debug|Any CPU = Debug|Any CPU
		Release|Any CPU = Release|Any CPU
	EndGlobalSection
	GlobalSection(ProjectConfigurationPlatforms) = postSolution
		{59D21027-D728-4468-8DFC-AF57E109C694}.Debug|Any CPU.ActiveCfg = Debug|Any CPU
		{59D21027-D728-4468-8DFC-AF57E109C694}.Debug|Any CPU.Build.0 = Debug|Any CPU
		{59D21027-D728-4468-8DFC-AF57E109C694}.Release|Any CPU.ActiveCfg = Release|Any CPU
		{59D21027-D728-4468-8DFC-AF57E109C694}.Release|Any CPU.Build.0 = Release|Any CPU
	EndGlobalSection
	GlobalSection(SolutionProperties) = preSolution
		HideSolutionNode = FALSE
	EndGlobalSection
	GlobalSection(ExtensibilityGlobals) = postSolution
		SolutionGuid = {34810F4D-9273-4D28-95FF-D5A8C3E63DCB}
	EndGlobalSection
EndGlobal
