
Microsoft Visual Studio Solution File, Format Version 12.00
# Visual Studio Version 17
VisualStudioVersion = 17.5.33530.505
MinimumVisualStudioVersion = 10.0.40219.1
Project("{FAE04EC0-301F-11D3-BF4B-00C04F79EFBC}") = "03 Balance", "03 Balance.csproj", "{9F4D3AAB-5439-447E-97F7-1A4502DD82D6}"
EndProject
Global
	GlobalSection(SolutionConfigurationPlatforms) = preSolution
		Debug|Any CPU = Debug|Any CPU
		Release|Any CPU = Release|Any CPU
	EndGlobalSection
	GlobalSection(ProjectConfigurationPlatforms) = postSolution
		{9F4D3AAB-5439-447E-97F7-1A4502DD82D6}.Debug|Any CPU.ActiveCfg = Debug|Any CPU
		{9F4D3AAB-5439-447E-97F7-1A4502DD82D6}.Debug|Any CPU.Build.0 = Debug|Any CPU
		{9F4D3AAB-5439-447E-97F7-1A4502DD82D6}.Release|Any CPU.ActiveCfg = Release|Any CPU
		{9F4D3AAB-5439-447E-97F7-1A4502DD82D6}.Release|Any CPU.Build.0 = Release|Any CPU
	EndGlobalSection
	GlobalSection(SolutionProperties) = preSolution
		HideSolutionNode = FALSE
	EndGlobalSection
	GlobalSection(ExtensibilityGlobals) = postSolution
		SolutionGuid = {04C95DB2-C8CC-4625-BA9C-9F47A918DD7E}
	EndGlobalSection
EndGlobal
