
Microsoft Visual Studio Solution File, Format Version 12.00
# Visual Studio Version 17
VisualStudioVersion = 17.5.33530.505
MinimumVisualStudioVersion = 10.0.40219.1
Project("{FAE04EC0-301F-11D3-BF4B-00C04F79EFBC}") = "07 Sum", "07 Sum.csproj", "{DB442B78-CCA4-4E55-AB6F-3B5F68383A58}"
EndProject
Global
	GlobalSection(SolutionConfigurationPlatforms) = preSolution
		Debug|Any CPU = Debug|Any CPU
		Release|Any CPU = Release|Any CPU
	EndGlobalSection
	GlobalSection(ProjectConfigurationPlatforms) = postSolution
		{DB442B78-CCA4-4E55-AB6F-3B5F68383A58}.Debug|Any CPU.ActiveCfg = Debug|Any CPU
		{DB442B78-CCA4-4E55-AB6F-3B5F68383A58}.Debug|Any CPU.Build.0 = Debug|Any CPU
		{DB442B78-CCA4-4E55-AB6F-3B5F68383A58}.Release|Any CPU.ActiveCfg = Release|Any CPU
		{DB442B78-CCA4-4E55-AB6F-3B5F68383A58}.Release|Any CPU.Build.0 = Release|Any CPU
	EndGlobalSection
	GlobalSection(SolutionProperties) = preSolution
		HideSolutionNode = FALSE
	EndGlobalSection
	GlobalSection(ExtensibilityGlobals) = postSolution
		SolutionGuid = {9F93C666-F3C4-49BE-BBCD-08CCEDE0876F}
	EndGlobalSection
EndGlobal
