
Microsoft Visual Studio Solution File, Format Version 12.00
# Visual Studio Version 17
VisualStudioVersion = 17.5.33530.505
MinimumVisualStudioVersion = 10.0.40219.1
Project("{FAE04EC0-301F-11D3-BF4B-00C04F79EFBC}") = "07 Largest bits", "07 Largest bits.csproj", "{2DF67572-DE3E-4B3E-8F4A-120F46D0D438}"
EndProject
Global
	GlobalSection(SolutionConfigurationPlatforms) = preSolution
		Debug|Any CPU = Debug|Any CPU
		Release|Any CPU = Release|Any CPU
	EndGlobalSection
	GlobalSection(ProjectConfigurationPlatforms) = postSolution
		{2DF67572-DE3E-4B3E-8F4A-120F46D0D438}.Debug|Any CPU.ActiveCfg = Debug|Any CPU
		{2DF67572-DE3E-4B3E-8F4A-120F46D0D438}.Debug|Any CPU.Build.0 = Debug|Any CPU
		{2DF67572-DE3E-4B3E-8F4A-120F46D0D438}.Release|Any CPU.ActiveCfg = Release|Any CPU
		{2DF67572-DE3E-4B3E-8F4A-120F46D0D438}.Release|Any CPU.Build.0 = Release|Any CPU
	EndGlobalSection
	GlobalSection(SolutionProperties) = preSolution
		HideSolutionNode = FALSE
	EndGlobalSection
	GlobalSection(ExtensibilityGlobals) = postSolution
		SolutionGuid = {D957788E-4FB6-4278-B913-2CCDFF69200C}
	EndGlobalSection
EndGlobal
