
Microsoft Visual Studio Solution File, Format Version 12.00
# Visual Studio Version 17
VisualStudioVersion = 17.5.33530.505
MinimumVisualStudioVersion = 10.0.40219.1
Project("{FAE04EC0-301F-11D3-BF4B-00C04F79EFBC}") = "05 Magic", "05 Magic.csproj", "{75A09564-C4A7-49CC-B354-30FD8FB6EE26}"
EndProject
Global
	GlobalSection(SolutionConfigurationPlatforms) = preSolution
		Debug|Any CPU = Debug|Any CPU
		Release|Any CPU = Release|Any CPU
	EndGlobalSection
	GlobalSection(ProjectConfigurationPlatforms) = postSolution
		{75A09564-C4A7-49CC-B354-30FD8FB6EE26}.Debug|Any CPU.ActiveCfg = Debug|Any CPU
		{75A09564-C4A7-49CC-B354-30FD8FB6EE26}.Debug|Any CPU.Build.0 = Debug|Any CPU
		{75A09564-C4A7-49CC-B354-30FD8FB6EE26}.Release|Any CPU.ActiveCfg = Release|Any CPU
		{75A09564-C4A7-49CC-B354-30FD8FB6EE26}.Release|Any CPU.Build.0 = Release|Any CPU
	EndGlobalSection
	GlobalSection(SolutionProperties) = preSolution
		HideSolutionNode = FALSE
	EndGlobalSection
	GlobalSection(ExtensibilityGlobals) = postSolution
		SolutionGuid = {4763047B-A8FF-4AF1-8415-E2A1FC3E5B7E}
	EndGlobalSection
EndGlobal
